
Microsoft Visual Studio Solution File, Format Version 12.00
# Visual Studio 14
VisualStudioVersion = 14.0.25123.0
MinimumVisualStudioVersion = 10.0.40219.1
Project("{F2A71F9B-5D33-465A-A702-920D77279786}") = "mcBV", "mcBV.fsproj", "{2837972C-B670-49C5-8A63-A547C30652E4}"
EndProject
Project("{2150E333-8FDC-42A3-9474-1A3956D46DE8}") = "Solution Items", "Solution Items", "{B38040C3-7AD9-4E58-A623-50D6E5D48A5E}"
EndProject
Global
	GlobalSection(SolutionConfigurationPlatforms) = preSolution
		Debug|Any CPU = Debug|Any CPU
		Debug|x86 = Debug|x86
		Release|Any CPU = Release|Any CPU
		Release|x86 = Release|x86
	EndGlobalSection
	GlobalSection(ProjectConfigurationPlatforms) = postSolution
		{2837972C-B670-49C5-8A63-A547C30652E4}.Debug|Any CPU.ActiveCfg = Debug|Any CPU
		{2837972C-B670-49C5-8A63-A547C30652E4}.Debug|Any CPU.Build.0 = Debug|Any CPU
		{2837972C-B670-49C5-8A63-A547C30652E4}.Debug|x86.ActiveCfg = Debug|x86
		{2837972C-B670-49C5-8A63-A547C30652E4}.Debug|x86.Build.0 = Debug|x86
		{2837972C-B670-49C5-8A63-A547C30652E4}.Release|Any CPU.ActiveCfg = Release|Any CPU
		{2837972C-B670-49C5-8A63-A547C30652E4}.Release|Any CPU.Build.0 = Release|Any CPU
		{2837972C-B670-49C5-8A63-A547C30652E4}.Release|x86.ActiveCfg = Release|x86
		{2837972C-B670-49C5-8A63-A547C30652E4}.Release|x86.Build.0 = Release|x86
	EndGlobalSection
	GlobalSection(SolutionProperties) = preSolution
		HideSolutionNode = FALSE
	EndGlobalSection
EndGlobal
